
Microsoft Visual Studio Solution File, Format Version 12.00
# Visual Studio 15
VisualStudioVersion = 15.0.27428.2011
MinimumVisualStudioVersion = 10.0.40219.1
Project("{FAE04EC0-301F-11D3-BF4B-00C04F79EFBC}") = "ConsoleApp1", "ConsoleApp1\ConsoleApp1.csproj", "{F6DB5C25-DCCE-420D-95BA-57F1318A4DFD}"
EndProject
Global
	GlobalSection(SolutionConfigurationPlatforms) = preSolution
		Debug|Any CPU = Debug|Any CPU
		Release|Any CPU = Release|Any CPU
	EndGlobalSection
	GlobalSection(ProjectConfigurationPlatforms) = postSolution
		{F6DB5C25-DCCE-420D-95BA-57F1318A4DFD}.Debug|Any CPU.ActiveCfg = Debug|Any CPU
		{F6DB5C25-DCCE-420D-95BA-57F1318A4DFD}.Debug|Any CPU.Build.0 = Debug|Any CPU
		{F6DB5C25-DCCE-420D-95BA-57F1318A4DFD}.Release|Any CPU.ActiveCfg = Release|Any CPU
		{F6DB5C25-DCCE-420D-95BA-57F1318A4DFD}.Release|Any CPU.Build.0 = Release|Any CPU
	EndGlobalSection
	GlobalSection(SolutionProperties) = preSolution
		HideSolutionNode = FALSE
	EndGlobalSection
	GlobalSection(ExtensibilityGlobals) = postSolution
		SolutionGuid = {8145C10D-C5C2-4E5F-A7BD-C8ED14ADBBF2}
	EndGlobalSection
EndGlobal
